
Microsoft Visual Studio Solution File, Format Version 12.00
# Visual Studio Version 17
VisualStudioVersion = 17.9.34607.119
MinimumVisualStudioVersion = 10.0.40219.1
Project("{FAE04EC0-301F-11D3-BF4B-00C04F79EFBC}") = "4szorg", "4szorg.csproj", "{675D19CD-E022-482C-9980-E8F2781BB08E}"
EndProject
Global
	GlobalSection(SolutionConfigurationPlatforms) = preSolution
		Debug|Any CPU = Debug|Any CPU
		Release|Any CPU = Release|Any CPU
	EndGlobalSection
	GlobalSection(ProjectConfigurationPlatforms) = postSolution
		{675D19CD-E022-482C-9980-E8F2781BB08E}.Debug|Any CPU.ActiveCfg = Debug|Any CPU
		{675D19CD-E022-482C-9980-E8F2781BB08E}.Debug|Any CPU.Build.0 = Debug|Any CPU
		{675D19CD-E022-482C-9980-E8F2781BB08E}.Release|Any CPU.ActiveCfg = Release|Any CPU
		{675D19CD-E022-482C-9980-E8F2781BB08E}.Release|Any CPU.Build.0 = Release|Any CPU
	EndGlobalSection
	GlobalSection(SolutionProperties) = preSolution
		HideSolutionNode = FALSE
	EndGlobalSection
	GlobalSection(ExtensibilityGlobals) = postSolution
		SolutionGuid = {FECBF34D-D6A5-4E81-BBE1-18F0B4A16155}
	EndGlobalSection
EndGlobal
